
Microsoft Visual Studio Solution File, Format Version 12.00
# Visual Studio 15
VisualStudioVersion = 15.0.28307.1433
MinimumVisualStudioVersion = 10.0.40219.1
Project("{FAE04EC0-301F-11D3-BF4B-00C04F79EFBC}") = "KPI_Lab", "KPI_Lab\KPI_Lab.csproj", "{C6F55F32-F50A-472C-AA18-042E5CE6EBD9}"
EndProject
Global
	GlobalSection(SolutionConfigurationPlatforms) = preSolution
		Debug|Any CPU = Debug|Any CPU
		Release|Any CPU = Release|Any CPU
	EndGlobalSection
	GlobalSection(ProjectConfigurationPlatforms) = postSolution
		{C6F55F32-F50A-472C-AA18-042E5CE6EBD9}.Debug|Any CPU.ActiveCfg = Debug|Any CPU
		{C6F55F32-F50A-472C-AA18-042E5CE6EBD9}.Debug|Any CPU.Build.0 = Debug|Any CPU
		{C6F55F32-F50A-472C-AA18-042E5CE6EBD9}.Release|Any CPU.ActiveCfg = Release|Any CPU
		{C6F55F32-F50A-472C-AA18-042E5CE6EBD9}.Release|Any CPU.Build.0 = Release|Any CPU
	EndGlobalSection
	GlobalSection(SolutionProperties) = preSolution
		HideSolutionNode = FALSE
	EndGlobalSection
	GlobalSection(ExtensibilityGlobals) = postSolution
		SolutionGuid = {EDC93AF5-CC7B-4EEC-A424-83CBCB64F322}
	EndGlobalSection
EndGlobal
